
Microsoft Visual Studio Solution File, Format Version 12.00
# Visual Studio Version 16
VisualStudioVersion = 16.0.29926.136
MinimumVisualStudioVersion = 10.0.40219.1
Project("{FAE04EC0-301F-11D3-BF4B-00C04F79EFBC}") = "WpfApp1", "WpfApp1\WpfApp1.csproj", "{BDE53D97-F8D8-4B54-907B-5FAACBE0453E}"
EndProject
Global
	GlobalSection(SolutionConfigurationPlatforms) = preSolution
		Debug|Any CPU = Debug|Any CPU
		Release|Any CPU = Release|Any CPU
	EndGlobalSection
	GlobalSection(ProjectConfigurationPlatforms) = postSolution
		{BDE53D97-F8D8-4B54-907B-5FAACBE0453E}.Debug|Any CPU.ActiveCfg = Debug|Any CPU
		{BDE53D97-F8D8-4B54-907B-5FAACBE0453E}.Debug|Any CPU.Build.0 = Debug|Any CPU
		{BDE53D97-F8D8-4B54-907B-5FAACBE0453E}.Release|Any CPU.ActiveCfg = Release|Any CPU
		{BDE53D97-F8D8-4B54-907B-5FAACBE0453E}.Release|Any CPU.Build.0 = Release|Any CPU
	EndGlobalSection
	GlobalSection(SolutionProperties) = preSolution
		HideSolutionNode = FALSE
	EndGlobalSection
	GlobalSection(ExtensibilityGlobals) = postSolution
		SolutionGuid = {87708430-2FBE-4AC0-90B3-C47AC57FF5E8}
	EndGlobalSection
EndGlobal
